
Microsoft Visual Studio Solution File, Format Version 12.00
# Visual Studio Version 17
VisualStudioVersion = 17.7.34024.191
MinimumVisualStudioVersion = 10.0.40219.1
Project("{9A19103F-16F7-4668-BE54-9A1E7A4F7556}") = "Eneca.SpacesManager", "SpacesManager\Eneca.SpacesManager.csproj", "{F3045BDD-B697-498D-A914-AB29CA49394A}"
EndProject
Project("{9A19103F-16F7-4668-BE54-9A1E7A4F7556}") = "EnecaUI", "..\windows-library-ui\EnecaUI\EnecaUI.csproj", "{1190ED3B-5840-4B37-8DED-B7297AAC41AD}"
EndProject
Project("{9A19103F-16F7-4668-BE54-9A1E7A4F7556}") = "Eneca.Licensing.Core", "..\windows-library-licensing\Eneca.Licensing.Core\Eneca.Licensing.Core.csproj", "{694FD303-395F-4B9B-9A02-5DD29EBA476D}"
EndProject
Project("{2150E333-8FDC-42A3-9474-1A3956D46DE8}") = "CI_СD", "CI_СD", "{98255A41-3064-4E5F-A36A-E20092CE678E}"
EndProject
Project("{9A19103F-16F7-4668-BE54-9A1E7A4F7556}") = "Build", "Build\Build.csproj", "{3F8DEA17-A4F1-402E-9390-B0A07A209463}"
EndProject
Project("{9A19103F-16F7-4668-BE54-9A1E7A4F7556}") = "Installer", "installer\Installer.csproj", "{F478B754-7647-4681-9AF7-7BAB0322380E}"
EndProject
Global
	GlobalSection(SolutionConfigurationPlatforms) = preSolution
		Debug R21|Any CPU = Debug R21|Any CPU
		Debug R22|Any CPU = Debug R22|Any CPU
		Debug R23|Any CPU = Debug R23|Any CPU
		Debug R24|Any CPU = Debug R24|Any CPU
		Debug|Any CPU = Debug|Any CPU
		Release R21|Any CPU = Release R21|Any CPU
		Release R22|Any CPU = Release R22|Any CPU
		Release R23|Any CPU = Release R23|Any CPU
		Release R24|Any CPU = Release R24|Any CPU
		Release|Any CPU = Release|Any CPU
	EndGlobalSection
	GlobalSection(ProjectConfigurationPlatforms) = postSolution
		{F3045BDD-B697-498D-A914-AB29CA49394A}.Debug R21|Any CPU.ActiveCfg = Debug R21|Any CPU
		{F3045BDD-B697-498D-A914-AB29CA49394A}.Debug R21|Any CPU.Build.0 = Debug R21|Any CPU
		{F3045BDD-B697-498D-A914-AB29CA49394A}.Debug R22|Any CPU.ActiveCfg = Debug R22|Any CPU
		{F3045BDD-B697-498D-A914-AB29CA49394A}.Debug R22|Any CPU.Build.0 = Debug R22|Any CPU
		{F3045BDD-B697-498D-A914-AB29CA49394A}.Debug R23|Any CPU.ActiveCfg = Debug R23|Any CPU
		{F3045BDD-B697-498D-A914-AB29CA49394A}.Debug R23|Any CPU.Build.0 = Debug R23|Any CPU
		{F3045BDD-B697-498D-A914-AB29CA49394A}.Debug R24|Any CPU.ActiveCfg = Debug R24|Any CPU
		{F3045BDD-B697-498D-A914-AB29CA49394A}.Debug R24|Any CPU.Build.0 = Debug R24|Any CPU
		{F3045BDD-B697-498D-A914-AB29CA49394A}.Debug|Any CPU.ActiveCfg = Debug R24|Any CPU
		{F3045BDD-B697-498D-A914-AB29CA49394A}.Debug|Any CPU.Build.0 = Debug R24|Any CPU
		{F3045BDD-B697-498D-A914-AB29CA49394A}.Release R21|Any CPU.ActiveCfg = Release R21|Any CPU
		{F3045BDD-B697-498D-A914-AB29CA49394A}.Release R21|Any CPU.Build.0 = Release R21|Any CPU
		{F3045BDD-B697-498D-A914-AB29CA49394A}.Release R22|Any CPU.ActiveCfg = Release R22|Any CPU
		{F3045BDD-B697-498D-A914-AB29CA49394A}.Release R22|Any CPU.Build.0 = Release R22|Any CPU
		{F3045BDD-B697-498D-A914-AB29CA49394A}.Release R23|Any CPU.ActiveCfg = Release R23|Any CPU
		{F3045BDD-B697-498D-A914-AB29CA49394A}.Release R23|Any CPU.Build.0 = Release R23|Any CPU
		{F3045BDD-B697-498D-A914-AB29CA49394A}.Release R24|Any CPU.ActiveCfg = Release R24|Any CPU
		{F3045BDD-B697-498D-A914-AB29CA49394A}.Release R24|Any CPU.Build.0 = Release R24|Any CPU
		{F3045BDD-B697-498D-A914-AB29CA49394A}.Release|Any CPU.ActiveCfg = Release R24|Any CPU
		{F3045BDD-B697-498D-A914-AB29CA49394A}.Release|Any CPU.Build.0 = Release R24|Any CPU
		{1190ED3B-5840-4B37-8DED-B7297AAC41AD}.Debug R21|Any CPU.ActiveCfg = Debug|Any CPU
		{1190ED3B-5840-4B37-8DED-B7297AAC41AD}.Debug R21|Any CPU.Build.0 = Debug|Any CPU
		{1190ED3B-5840-4B37-8DED-B7297AAC41AD}.Debug R22|Any CPU.ActiveCfg = Debug|Any CPU
		{1190ED3B-5840-4B37-8DED-B7297AAC41AD}.Debug R22|Any CPU.Build.0 = Debug|Any CPU
		{1190ED3B-5840-4B37-8DED-B7297AAC41AD}.Debug R23|Any CPU.ActiveCfg = Debug|Any CPU
		{1190ED3B-5840-4B37-8DED-B7297AAC41AD}.Debug R23|Any CPU.Build.0 = Debug|Any CPU
		{1190ED3B-5840-4B37-8DED-B7297AAC41AD}.Debug R24|Any CPU.ActiveCfg = Debug|Any CPU
		{1190ED3B-5840-4B37-8DED-B7297AAC41AD}.Debug R24|Any CPU.Build.0 = Debug|Any CPU
		{1190ED3B-5840-4B37-8DED-B7297AAC41AD}.Debug|Any CPU.ActiveCfg = Debug|Any CPU
		{1190ED3B-5840-4B37-8DED-B7297AAC41AD}.Debug|Any CPU.Build.0 = Debug|Any CPU
		{1190ED3B-5840-4B37-8DED-B7297AAC41AD}.Release R21|Any CPU.ActiveCfg = Release|Any CPU
		{1190ED3B-5840-4B37-8DED-B7297AAC41AD}.Release R21|Any CPU.Build.0 = Release|Any CPU
		{1190ED3B-5840-4B37-8DED-B7297AAC41AD}.Release R22|Any CPU.ActiveCfg = Release|Any CPU
		{1190ED3B-5840-4B37-8DED-B7297AAC41AD}.Release R22|Any CPU.Build.0 = Release|Any CPU
		{1190ED3B-5840-4B37-8DED-B7297AAC41AD}.Release R23|Any CPU.ActiveCfg = Release|Any CPU
		{1190ED3B-5840-4B37-8DED-B7297AAC41AD}.Release R23|Any CPU.Build.0 = Release|Any CPU
		{1190ED3B-5840-4B37-8DED-B7297AAC41AD}.Release R24|Any CPU.ActiveCfg = Release|Any CPU
		{1190ED3B-5840-4B37-8DED-B7297AAC41AD}.Release R24|Any CPU.Build.0 = Release|Any CPU
		{1190ED3B-5840-4B37-8DED-B7297AAC41AD}.Release|Any CPU.ActiveCfg = Release|Any CPU
		{1190ED3B-5840-4B37-8DED-B7297AAC41AD}.Release|Any CPU.Build.0 = Release|Any CPU
		{694FD303-395F-4B9B-9A02-5DD29EBA476D}.Debug R21|Any CPU.ActiveCfg = Debug|Any CPU
		{694FD303-395F-4B9B-9A02-5DD29EBA476D}.Debug R21|Any CPU.Build.0 = Debug|Any CPU
		{694FD303-395F-4B9B-9A02-5DD29EBA476D}.Debug R22|Any CPU.ActiveCfg = Debug|Any CPU
		{694FD303-395F-4B9B-9A02-5DD29EBA476D}.Debug R22|Any CPU.Build.0 = Debug|Any CPU
		{694FD303-395F-4B9B-9A02-5DD29EBA476D}.Debug R23|Any CPU.ActiveCfg = Debug|Any CPU
		{694FD303-395F-4B9B-9A02-5DD29EBA476D}.Debug R23|Any CPU.Build.0 = Debug|Any CPU
		{694FD303-395F-4B9B-9A02-5DD29EBA476D}.Debug R24|Any CPU.ActiveCfg = Debug|Any CPU
		{694FD303-395F-4B9B-9A02-5DD29EBA476D}.Debug R24|Any CPU.Build.0 = Debug|Any CPU
		{694FD303-395F-4B9B-9A02-5DD29EBA476D}.Debug|Any CPU.ActiveCfg = Debug|Any CPU
		{694FD303-395F-4B9B-9A02-5DD29EBA476D}.Debug|Any CPU.Build.0 = Debug|Any CPU
		{694FD303-395F-4B9B-9A02-5DD29EBA476D}.Release R21|Any CPU.ActiveCfg = Release|Any CPU
		{694FD303-395F-4B9B-9A02-5DD29EBA476D}.Release R21|Any CPU.Build.0 = Release|Any CPU
		{694FD303-395F-4B9B-9A02-5DD29EBA476D}.Release R22|Any CPU.ActiveCfg = Release|Any CPU
		{694FD303-395F-4B9B-9A02-5DD29EBA476D}.Release R22|Any CPU.Build.0 = Release|Any CPU
		{694FD303-395F-4B9B-9A02-5DD29EBA476D}.Release R23|Any CPU.ActiveCfg = Release|Any CPU
		{694FD303-395F-4B9B-9A02-5DD29EBA476D}.Release R23|Any CPU.Build.0 = Release|Any CPU
		{694FD303-395F-4B9B-9A02-5DD29EBA476D}.Release R24|Any CPU.ActiveCfg = Release|Any CPU
		{694FD303-395F-4B9B-9A02-5DD29EBA476D}.Release R24|Any CPU.Build.0 = Release|Any CPU
		{694FD303-395F-4B9B-9A02-5DD29EBA476D}.Release|Any CPU.ActiveCfg = Release|Any CPU
		{694FD303-395F-4B9B-9A02-5DD29EBA476D}.Release|Any CPU.Build.0 = Release|Any CPU
		{3F8DEA17-A4F1-402E-9390-B0A07A209463}.Debug R21|Any CPU.ActiveCfg = Debug|Any CPU
		{3F8DEA17-A4F1-402E-9390-B0A07A209463}.Debug R22|Any CPU.ActiveCfg = Debug|Any CPU
		{3F8DEA17-A4F1-402E-9390-B0A07A209463}.Debug R23|Any CPU.ActiveCfg = Debug|Any CPU
		{3F8DEA17-A4F1-402E-9390-B0A07A209463}.Debug R24|Any CPU.ActiveCfg = Debug|Any CPU
		{3F8DEA17-A4F1-402E-9390-B0A07A209463}.Debug|Any CPU.ActiveCfg = Debug|Any CPU
		{3F8DEA17-A4F1-402E-9390-B0A07A209463}.Release R21|Any CPU.ActiveCfg = Release|Any CPU
		{3F8DEA17-A4F1-402E-9390-B0A07A209463}.Release R22|Any CPU.ActiveCfg = Release|Any CPU
		{3F8DEA17-A4F1-402E-9390-B0A07A209463}.Release R23|Any CPU.ActiveCfg = Release|Any CPU
		{3F8DEA17-A4F1-402E-9390-B0A07A209463}.Release R24|Any CPU.ActiveCfg = Release|Any CPU
		{3F8DEA17-A4F1-402E-9390-B0A07A209463}.Release|Any CPU.ActiveCfg = Release|Any CPU
		{F478B754-7647-4681-9AF7-7BAB0322380E}.Debug R21|Any CPU.ActiveCfg = Debug|Any CPU
		{F478B754-7647-4681-9AF7-7BAB0322380E}.Debug R22|Any CPU.ActiveCfg = Debug|Any CPU
		{F478B754-7647-4681-9AF7-7BAB0322380E}.Debug R23|Any CPU.ActiveCfg = Debug|Any CPU
		{F478B754-7647-4681-9AF7-7BAB0322380E}.Debug R24|Any CPU.ActiveCfg = Debug|Any CPU
		{F478B754-7647-4681-9AF7-7BAB0322380E}.Debug|Any CPU.ActiveCfg = Debug|Any CPU
		{F478B754-7647-4681-9AF7-7BAB0322380E}.Release R21|Any CPU.ActiveCfg = Release|Any CPU
		{F478B754-7647-4681-9AF7-7BAB0322380E}.Release R22|Any CPU.ActiveCfg = Release|Any CPU
		{F478B754-7647-4681-9AF7-7BAB0322380E}.Release R23|Any CPU.ActiveCfg = Release|Any CPU
		{F478B754-7647-4681-9AF7-7BAB0322380E}.Release R24|Any CPU.ActiveCfg = Release|Any CPU
		{F478B754-7647-4681-9AF7-7BAB0322380E}.Release|Any CPU.ActiveCfg = Release|Any CPU
	EndGlobalSection
	GlobalSection(SolutionProperties) = preSolution
		HideSolutionNode = FALSE
	EndGlobalSection
	GlobalSection(NestedProjects) = preSolution
		{3F8DEA17-A4F1-402E-9390-B0A07A209463} = {98255A41-3064-4E5F-A36A-E20092CE678E}
		{F478B754-7647-4681-9AF7-7BAB0322380E} = {98255A41-3064-4E5F-A36A-E20092CE678E}
	EndGlobalSection
	GlobalSection(ExtensibilityGlobals) = postSolution
		SolutionGuid = {58D576FF-C626-4C7C-90A7-1AA630A713FD}
	EndGlobalSection
EndGlobal
